
Microsoft Visual Studio Solution File, Format Version 12.00
# Visual Studio 2012
Project("{FAE04EC0-301F-11D3-BF4B-00C04F79EFBC}") = "Abra", "Abra\Abra.csproj", "{B661E302-2234-48D3-8BE4-684C0963EB35}"
EndProject
Project("{FAE04EC0-301F-11D3-BF4B-00C04F79EFBC}") = "Abra.Test", "Abra.Test\Abra.Test.csproj", "{CEF2A81C-1960-47DA-A62A-E2CDA10CD6E7}"
EndProject
Project("{FAE04EC0-301F-11D3-BF4B-00C04F79EFBC}") = "Example", "Example\Example.csproj", "{232EAA84-F15B-42E6-939D-83A31E635673}"
EndProject
Project("{FAE04EC0-301F-11D3-BF4B-00C04F79EFBC}") = "Abra.Fody", "Abra.Fody\Abra.Fody.csproj", "{23C4911E-C2FB-489D-A539-8052E7A8B70B}"
EndProject
Project("{FAE04EC0-301F-11D3-BF4B-00C04F79EFBC}") = "Abra.Monotouch", "Abra.Monotouch\Abra.Monotouch.csproj", "{D2A6D060-F0C0-4618-9D0F-B9D592053689}"
EndProject
Project("{FAE04EC0-301F-11D3-BF4B-00C04F79EFBC}") = "Abra.Android", "Abra.Android\Abra.Android.csproj", "{469A3FD7-78E9-4E31-B801-05B8861FD17E}"
EndProject
Global
	GlobalSection(SolutionConfigurationPlatforms) = preSolution
		Debug|Any CPU = Debug|Any CPU
		Release|Any CPU = Release|Any CPU
		CodegenDebug|Any CPU = CodegenDebug|Any CPU
	EndGlobalSection
	GlobalSection(ProjectConfigurationPlatforms) = postSolution
		{232EAA84-F15B-42E6-939D-83A31E635673}.CodegenDebug|Any CPU.ActiveCfg = CodegenDebug|Any CPU
		{232EAA84-F15B-42E6-939D-83A31E635673}.CodegenDebug|Any CPU.Build.0 = CodegenDebug|Any CPU
		{232EAA84-F15B-42E6-939D-83A31E635673}.Debug|Any CPU.ActiveCfg = Debug|Any CPU
		{232EAA84-F15B-42E6-939D-83A31E635673}.Debug|Any CPU.Build.0 = Debug|Any CPU
		{232EAA84-F15B-42E6-939D-83A31E635673}.Release|Any CPU.ActiveCfg = Release|Any CPU
		{232EAA84-F15B-42E6-939D-83A31E635673}.Release|Any CPU.Build.0 = Release|Any CPU
		{23C4911E-C2FB-489D-A539-8052E7A8B70B}.CodegenDebug|Any CPU.ActiveCfg = CodegenDebug|Any CPU
		{23C4911E-C2FB-489D-A539-8052E7A8B70B}.CodegenDebug|Any CPU.Build.0 = CodegenDebug|Any CPU
		{23C4911E-C2FB-489D-A539-8052E7A8B70B}.Debug|Any CPU.ActiveCfg = Debug|Any CPU
		{23C4911E-C2FB-489D-A539-8052E7A8B70B}.Debug|Any CPU.Build.0 = Debug|Any CPU
		{23C4911E-C2FB-489D-A539-8052E7A8B70B}.Release|Any CPU.ActiveCfg = Release|Any CPU
		{23C4911E-C2FB-489D-A539-8052E7A8B70B}.Release|Any CPU.Build.0 = Release|Any CPU
		{469A3FD7-78E9-4E31-B801-05B8861FD17E}.CodegenDebug|Any CPU.ActiveCfg = CodegenDebug|Any CPU
		{469A3FD7-78E9-4E31-B801-05B8861FD17E}.CodegenDebug|Any CPU.Build.0 = CodegenDebug|Any CPU
		{469A3FD7-78E9-4E31-B801-05B8861FD17E}.Debug|Any CPU.ActiveCfg = Debug|Any CPU
		{469A3FD7-78E9-4E31-B801-05B8861FD17E}.Debug|Any CPU.Build.0 = Debug|Any CPU
		{469A3FD7-78E9-4E31-B801-05B8861FD17E}.Release|Any CPU.ActiveCfg = Release|Any CPU
		{469A3FD7-78E9-4E31-B801-05B8861FD17E}.Release|Any CPU.Build.0 = Release|Any CPU
		{B661E302-2234-48D3-8BE4-684C0963EB35}.CodegenDebug|Any CPU.ActiveCfg = CodegenDebug|Any CPU
		{B661E302-2234-48D3-8BE4-684C0963EB35}.CodegenDebug|Any CPU.Build.0 = CodegenDebug|Any CPU
		{B661E302-2234-48D3-8BE4-684C0963EB35}.Debug|Any CPU.ActiveCfg = Debug|Any CPU
		{B661E302-2234-48D3-8BE4-684C0963EB35}.Debug|Any CPU.Build.0 = Debug|Any CPU
		{B661E302-2234-48D3-8BE4-684C0963EB35}.Release|Any CPU.ActiveCfg = Release|Any CPU
		{B661E302-2234-48D3-8BE4-684C0963EB35}.Release|Any CPU.Build.0 = Release|Any CPU
		{CEF2A81C-1960-47DA-A62A-E2CDA10CD6E7}.CodegenDebug|Any CPU.ActiveCfg = CodegenDebug|Any CPU
		{CEF2A81C-1960-47DA-A62A-E2CDA10CD6E7}.CodegenDebug|Any CPU.Build.0 = CodegenDebug|Any CPU
		{CEF2A81C-1960-47DA-A62A-E2CDA10CD6E7}.Debug|Any CPU.ActiveCfg = Debug|Any CPU
		{CEF2A81C-1960-47DA-A62A-E2CDA10CD6E7}.Debug|Any CPU.Build.0 = Debug|Any CPU
		{CEF2A81C-1960-47DA-A62A-E2CDA10CD6E7}.Release|Any CPU.ActiveCfg = Release|Any CPU
		{CEF2A81C-1960-47DA-A62A-E2CDA10CD6E7}.Release|Any CPU.Build.0 = Release|Any CPU
		{D2A6D060-F0C0-4618-9D0F-B9D592053689}.CodegenDebug|Any CPU.ActiveCfg = CodegenDebug|Any CPU
		{D2A6D060-F0C0-4618-9D0F-B9D592053689}.CodegenDebug|Any CPU.Build.0 = CodegenDebug|Any CPU
		{D2A6D060-F0C0-4618-9D0F-B9D592053689}.Debug|Any CPU.ActiveCfg = Debug|Any CPU
		{D2A6D060-F0C0-4618-9D0F-B9D592053689}.Debug|Any CPU.Build.0 = Debug|Any CPU
		{D2A6D060-F0C0-4618-9D0F-B9D592053689}.Release|Any CPU.ActiveCfg = Release|Any CPU
		{D2A6D060-F0C0-4618-9D0F-B9D592053689}.Release|Any CPU.Build.0 = Release|Any CPU
	EndGlobalSection
	GlobalSection(MonoDevelopProperties) = preSolution
		StartupItem = Abra\Abra.csproj
	EndGlobalSection
	GlobalSection(SolutionProperties) = preSolution
		HideSolutionNode = FALSE
	EndGlobalSection
	GlobalSection(Performance) = preSolution
		HasPerformanceSessions = true
	EndGlobalSection
EndGlobal
