
Microsoft Visual Studio Solution File, Format Version 12.00
# Visual Studio 2012
Project("{FAE04EC0-301F-11D3-BF4B-00C04F79EFBC}") = "Stiletto", "Stiletto\Stiletto.csproj", "{B661E302-2234-48D3-8BE4-684C0963EB35}"
EndProject
Project("{FAE04EC0-301F-11D3-BF4B-00C04F79EFBC}") = "Stiletto.Test", "Stiletto.Test\Stiletto.Test.csproj", "{CEF2A81C-1960-47DA-A62A-E2CDA10CD6E7}"
EndProject
Project("{FAE04EC0-301F-11D3-BF4B-00C04F79EFBC}") = "Example", "Example\Example.csproj", "{232EAA84-F15B-42E6-939D-83A31E635673}"
EndProject
Project("{FAE04EC0-301F-11D3-BF4B-00C04F79EFBC}") = "Stiletto.Fody", "Stiletto.Fody\Stiletto.Fody.csproj", "{23C4911E-C2FB-489D-A539-8052E7A8B70B}"
EndProject
Project("{FAE04EC0-301F-11D3-BF4B-00C04F79EFBC}") = "Stiletto.Monotouch", "Stiletto.Monotouch\Stiletto.Monotouch.csproj", "{D2A6D060-F0C0-4618-9D0F-B9D592053689}"
EndProject
Project("{FAE04EC0-301F-11D3-BF4B-00C04F79EFBC}") = "Stiletto.Android", "Stiletto.Android\Stiletto.Android.csproj", "{469A3FD7-78E9-4E31-B801-05B8861FD17E}"
EndProject
Project("{2150E333-8FDC-42A3-9474-1A3956D46DE8}") = ".nuget", ".nuget", "{609ED60C-EA9F-4E98-9BA0-0267E51A4374}"
	ProjectSection(SolutionItems) = preProject
		.nuget\NuGet.Config = .nuget\NuGet.Config
		.nuget\NuGet.exe = .nuget\NuGet.exe
		.nuget\NuGet.targets = .nuget\NuGet.targets
	EndProjectSection
EndProject
Project("{FAE04EC0-301F-11D3-BF4B-00C04F79EFBC}") = "LibraryExample", "LibraryExample\LibraryExample.csproj", "{16F8CAD4-1072-472D-919F-8266A250E9E4}"
EndProject
Project("{FAE04EC0-301F-11D3-BF4B-00C04F79EFBC}") = "Stiletto.WindowsPhone", "Stiletto.WindowsPhone\Stiletto.WindowsPhone.csproj", "{D66AEEFD-783E-4DBA-81F1-339EF3CADB0D}"
EndProject
Global
	GlobalSection(SolutionConfigurationPlatforms) = preSolution
		Debug|Any CPU = Debug|Any CPU
		Debug|ARM = Debug|ARM
		Debug|x86 = Debug|x86
		Release|Any CPU = Release|Any CPU
		Release|ARM = Release|ARM
		Release|x86 = Release|x86
	EndGlobalSection
	GlobalSection(ProjectConfigurationPlatforms) = postSolution
		{B661E302-2234-48D3-8BE4-684C0963EB35}.Debug|Any CPU.ActiveCfg = Debug|Any CPU
		{B661E302-2234-48D3-8BE4-684C0963EB35}.Debug|Any CPU.Build.0 = Debug|Any CPU
		{B661E302-2234-48D3-8BE4-684C0963EB35}.Debug|ARM.ActiveCfg = Debug|Any CPU
		{B661E302-2234-48D3-8BE4-684C0963EB35}.Debug|x86.ActiveCfg = Debug|Any CPU
		{B661E302-2234-48D3-8BE4-684C0963EB35}.Release|Any CPU.ActiveCfg = Release|Any CPU
		{B661E302-2234-48D3-8BE4-684C0963EB35}.Release|Any CPU.Build.0 = Release|Any CPU
		{B661E302-2234-48D3-8BE4-684C0963EB35}.Release|ARM.ActiveCfg = Release|Any CPU
		{B661E302-2234-48D3-8BE4-684C0963EB35}.Release|x86.ActiveCfg = Release|Any CPU
		{CEF2A81C-1960-47DA-A62A-E2CDA10CD6E7}.Debug|Any CPU.ActiveCfg = Debug|Any CPU
		{CEF2A81C-1960-47DA-A62A-E2CDA10CD6E7}.Debug|Any CPU.Build.0 = Debug|Any CPU
		{CEF2A81C-1960-47DA-A62A-E2CDA10CD6E7}.Debug|ARM.ActiveCfg = Debug|Any CPU
		{CEF2A81C-1960-47DA-A62A-E2CDA10CD6E7}.Debug|x86.ActiveCfg = Debug|Any CPU
		{CEF2A81C-1960-47DA-A62A-E2CDA10CD6E7}.Release|Any CPU.ActiveCfg = Release|Any CPU
		{CEF2A81C-1960-47DA-A62A-E2CDA10CD6E7}.Release|Any CPU.Build.0 = Release|Any CPU
		{CEF2A81C-1960-47DA-A62A-E2CDA10CD6E7}.Release|ARM.ActiveCfg = Release|Any CPU
		{CEF2A81C-1960-47DA-A62A-E2CDA10CD6E7}.Release|x86.ActiveCfg = Release|Any CPU
		{232EAA84-F15B-42E6-939D-83A31E635673}.Debug|Any CPU.ActiveCfg = Debug|Any CPU
		{232EAA84-F15B-42E6-939D-83A31E635673}.Debug|Any CPU.Build.0 = Debug|Any CPU
		{232EAA84-F15B-42E6-939D-83A31E635673}.Debug|ARM.ActiveCfg = Debug|Any CPU
		{232EAA84-F15B-42E6-939D-83A31E635673}.Debug|x86.ActiveCfg = Debug|Any CPU
		{232EAA84-F15B-42E6-939D-83A31E635673}.Release|Any CPU.ActiveCfg = Release|Any CPU
		{232EAA84-F15B-42E6-939D-83A31E635673}.Release|Any CPU.Build.0 = Release|Any CPU
		{232EAA84-F15B-42E6-939D-83A31E635673}.Release|ARM.ActiveCfg = Release|Any CPU
		{232EAA84-F15B-42E6-939D-83A31E635673}.Release|x86.ActiveCfg = Release|Any CPU
		{23C4911E-C2FB-489D-A539-8052E7A8B70B}.Debug|Any CPU.ActiveCfg = Debug|Any CPU
		{23C4911E-C2FB-489D-A539-8052E7A8B70B}.Debug|Any CPU.Build.0 = Debug|Any CPU
		{23C4911E-C2FB-489D-A539-8052E7A8B70B}.Debug|ARM.ActiveCfg = Debug|Any CPU
		{23C4911E-C2FB-489D-A539-8052E7A8B70B}.Debug|x86.ActiveCfg = Debug|Any CPU
		{23C4911E-C2FB-489D-A539-8052E7A8B70B}.Release|Any CPU.ActiveCfg = Release|Any CPU
		{23C4911E-C2FB-489D-A539-8052E7A8B70B}.Release|Any CPU.Build.0 = Release|Any CPU
		{23C4911E-C2FB-489D-A539-8052E7A8B70B}.Release|ARM.ActiveCfg = Release|Any CPU
		{23C4911E-C2FB-489D-A539-8052E7A8B70B}.Release|x86.ActiveCfg = Release|Any CPU
		{D2A6D060-F0C0-4618-9D0F-B9D592053689}.Debug|Any CPU.ActiveCfg = Debug|Any CPU
		{D2A6D060-F0C0-4618-9D0F-B9D592053689}.Debug|Any CPU.Build.0 = Debug|Any CPU
		{D2A6D060-F0C0-4618-9D0F-B9D592053689}.Debug|ARM.ActiveCfg = Debug|Any CPU
		{D2A6D060-F0C0-4618-9D0F-B9D592053689}.Debug|x86.ActiveCfg = Debug|Any CPU
		{D2A6D060-F0C0-4618-9D0F-B9D592053689}.Release|Any CPU.ActiveCfg = Release|Any CPU
		{D2A6D060-F0C0-4618-9D0F-B9D592053689}.Release|Any CPU.Build.0 = Release|Any CPU
		{D2A6D060-F0C0-4618-9D0F-B9D592053689}.Release|ARM.ActiveCfg = Release|Any CPU
		{D2A6D060-F0C0-4618-9D0F-B9D592053689}.Release|x86.ActiveCfg = Release|Any CPU
		{469A3FD7-78E9-4E31-B801-05B8861FD17E}.Debug|Any CPU.ActiveCfg = Debug|Any CPU
		{469A3FD7-78E9-4E31-B801-05B8861FD17E}.Debug|Any CPU.Build.0 = Debug|Any CPU
		{469A3FD7-78E9-4E31-B801-05B8861FD17E}.Debug|ARM.ActiveCfg = Debug|Any CPU
		{469A3FD7-78E9-4E31-B801-05B8861FD17E}.Debug|x86.ActiveCfg = Debug|Any CPU
		{469A3FD7-78E9-4E31-B801-05B8861FD17E}.Release|Any CPU.ActiveCfg = Release|Any CPU
		{469A3FD7-78E9-4E31-B801-05B8861FD17E}.Release|Any CPU.Build.0 = Release|Any CPU
		{469A3FD7-78E9-4E31-B801-05B8861FD17E}.Release|ARM.ActiveCfg = Release|Any CPU
		{469A3FD7-78E9-4E31-B801-05B8861FD17E}.Release|x86.ActiveCfg = Release|Any CPU
		{16F8CAD4-1072-472D-919F-8266A250E9E4}.Debug|Any CPU.ActiveCfg = Debug|Any CPU
		{16F8CAD4-1072-472D-919F-8266A250E9E4}.Debug|Any CPU.Build.0 = Debug|Any CPU
		{16F8CAD4-1072-472D-919F-8266A250E9E4}.Debug|ARM.ActiveCfg = Debug|Any CPU
		{16F8CAD4-1072-472D-919F-8266A250E9E4}.Debug|x86.ActiveCfg = Debug|Any CPU
		{16F8CAD4-1072-472D-919F-8266A250E9E4}.Release|Any CPU.ActiveCfg = Release|Any CPU
		{16F8CAD4-1072-472D-919F-8266A250E9E4}.Release|Any CPU.Build.0 = Release|Any CPU
		{16F8CAD4-1072-472D-919F-8266A250E9E4}.Release|ARM.ActiveCfg = Release|Any CPU
		{16F8CAD4-1072-472D-919F-8266A250E9E4}.Release|x86.ActiveCfg = Release|Any CPU
		{D66AEEFD-783E-4DBA-81F1-339EF3CADB0D}.Debug|Any CPU.ActiveCfg = Debug|Any CPU
		{D66AEEFD-783E-4DBA-81F1-339EF3CADB0D}.Debug|Any CPU.Build.0 = Debug|Any CPU
		{D66AEEFD-783E-4DBA-81F1-339EF3CADB0D}.Debug|ARM.ActiveCfg = Debug|ARM
		{D66AEEFD-783E-4DBA-81F1-339EF3CADB0D}.Debug|ARM.Build.0 = Debug|ARM
		{D66AEEFD-783E-4DBA-81F1-339EF3CADB0D}.Debug|x86.ActiveCfg = Debug|x86
		{D66AEEFD-783E-4DBA-81F1-339EF3CADB0D}.Debug|x86.Build.0 = Debug|x86
		{D66AEEFD-783E-4DBA-81F1-339EF3CADB0D}.Release|Any CPU.ActiveCfg = Release|Any CPU
		{D66AEEFD-783E-4DBA-81F1-339EF3CADB0D}.Release|Any CPU.Build.0 = Release|Any CPU
		{D66AEEFD-783E-4DBA-81F1-339EF3CADB0D}.Release|ARM.ActiveCfg = Release|ARM
		{D66AEEFD-783E-4DBA-81F1-339EF3CADB0D}.Release|ARM.Build.0 = Release|ARM
		{D66AEEFD-783E-4DBA-81F1-339EF3CADB0D}.Release|x86.ActiveCfg = Release|x86
		{D66AEEFD-783E-4DBA-81F1-339EF3CADB0D}.Release|x86.Build.0 = Release|x86
	EndGlobalSection
	GlobalSection(SolutionProperties) = preSolution
		HideSolutionNode = FALSE
	EndGlobalSection
	GlobalSection(Performance) = preSolution
		HasPerformanceSessions = true
	EndGlobalSection
EndGlobal
